dependencies:
  espressif/esp_io_expander:
    component_hash: 7b7f91270172e46ca4597e3874f48d8412e280e8c295559f5922ec38656e3e5f
    dependencies:
    - name: idf
      require: private
      version: '>=4.4.2'
    source:
      registry_url: https://components.espressif.com
      type: service
    version: 1.2.1
  espressif/esp_io_expander_tca95xx_16bit:
    component_hash: f0c87a480d3e341fcfa3f7d00890270da1325a294a7d26ddeb5af5fb3ce8ba54
    dependencies:
    - name: espressif/esp_io_expander
      registry_url: https://components.espressif.com
      require: public
      version: ^1.0.1
    - name: idf
      require: private
      version: '>=5.2'
    source:
      registry_url: https://components.espressif.com/
      type: service
    version: 2.0.0
  espressif/mdns:
    component_hash: e81ca7a7f53ea34e78274df054da692c272e1315572876b237b1748e267c013b
    dependencies:
    - name: idf
      require: private
      version: '>=5.0'
    source:
      registry_url: https://components.espressif.com/
      type: service
    version: 1.11.3
  idf:
    source:
      type: idf
    version: 5.4.4
direct_dependencies:
- espressif/esp_io_expander_tca95xx_16bit
- espressif/mdns
- idf
manifest_hash: 8381779525563e04a352d2bc41a9a83d411d7e679ed1b494ea9d33738f2f75d6
target: esp32
version: 2.0.0
